PODS:
  - AferoSofthub (1.0.2)
  - AferoSwiftSDK/AFNetworking (0.8.0):
    - AferoSwiftSDK/Core
    - AFNetworking (~> 3.1)
    - AFOAuth2Manager (~> 3.0)
    - PromiseKit (~> 4.1)
  - AferoSwiftSDK/Core (0.8.0):
    - AferoSofthub (~> 1.0)
    - CocoaLumberjack/Swift (~> 3.2)
    - CocoaZ (~> 1.4)
    - CryptoSwift
    - HTTPStatusCodes (~> 3.1)
    - PromiseKit (~> 4.1)
    - ReactiveSwift (~> 1.1)
    - RSEnvironment (= 0.0.3)
  - AFNetworking (3.1.0):
    - AFNetworking/NSURLSession (= 3.1.0)
    - AFNetworking/Reachability (= 3.1.0)
    - AFNetworking/Security (= 3.1.0)
    - AFNetworking/Serialization (= 3.1.0)
    - AFNetworking/UIKit (= 3.1.0)
  - AFNetworking/NSURLSession (3.1.0):
    - AFNetworking/Reachability
    - AFNetworking/Security
    - AFNetworking/Serialization
  - AFNetworking/Reachability (3.1.0)
  - AFNetworking/Security (3.1.0)
  - AFNetworking/Serialization (3.1.0)
  - AFNetworking/UIKit (3.1.0):
    - AFNetworking/NSURLSession
  - AFOAuth2Manager (3.0.0):
    - AFNetworking/NSURLSession (~> 3.0)
  - CocoaLumberjack/Default (3.2.1)
  - CocoaLumberjack/Swift (3.2.1):
    - CocoaLumberjack/Default
  - CocoaZ (1.4.2)
  - CryptoSwift (0.7.2)
  - HTTPStatusCodes (3.1.2)
  - LKAlertController (1.12.1)
  - Nimble (7.0.2)
  - OHHTTPStubs/Core (6.0.0)
  - OHHTTPStubs/Default (6.0.0):
    - OHHTTPStubs/Core
    - OHHTTPStubs/JSON
    - OHHTTPStubs/NSURLSession
    - OHHTTPStubs/OHPathHelpers
  - OHHTTPStubs/JSON (6.0.0):
    - OHHTTPStubs/Core
  - OHHTTPStubs/NSURLSession (6.0.0):
    - OHHTTPStubs/Core
  - OHHTTPStubs/OHPathHelpers (6.0.0)
  - OHHTTPStubs/Swift (6.0.0):
    - OHHTTPStubs/Default
  - PromiseKit (4.1.3):
    - PromiseKit/Foundation (= 4.1.3)
    - PromiseKit/QuartzCore (= 4.1.3)
    - PromiseKit/UIKit (= 4.1.3)
  - PromiseKit/CorePromise (4.1.3)
  - PromiseKit/Foundation (4.1.3):
    - PromiseKit/CorePromise
  - PromiseKit/QuartzCore (4.1.3):
    - PromiseKit/CorePromise
  - PromiseKit/UIKit (4.1.3):
    - PromiseKit/CorePromise
  - QRCodeReader.swift (7.5.1)
  - Quick (1.1.0)
  - ReactiveSwift (1.1.5):
    - Result (~> 3.2)
  - Result (3.2.4)
  - RSEnvironment (0.0.3)
  - SVProgressHUD (1.1.3)

DEPENDENCIES:
  - AferoSofthub
  - AferoSwiftSDK/AFNetworking (from `..`)
  - CocoaLumberjack/Swift (= 3.2.1)
  - CryptoSwift (= 0.7.2)
  - HTTPStatusCodes (~> 3.1)
  - LKAlertController (= 1.12.1)
  - Nimble
  - OHHTTPStubs/Swift
  - PromiseKit (= 4.1.3)
  - QRCodeReader.swift (~> 7.5)
  - Quick
  - ReactiveSwift (~> 1.1)
  - RSEnvironment (= 0.0.3)
  - SVProgressHUD (= 1.1.3)

EXTERNAL SOURCES:
  AferoSwiftSDK:
    :path: ".."

SPEC CHECKSUMS:
  AferoSofthub: 32247ee82a366f59100a965b88fa264fd433bfaa
  AferoSwiftSDK: f93522e7ca8b2bf36839ba40252816b5272e174d
  AFNetworking: 5e0e199f73d8626b11e79750991f5d173d1f8b67
  AFOAuth2Manager: 0566da1be64883e339813d411229fdc9a84dab7c
  CocoaLumberjack: 2800c03334042fe80589423c8d80e582dcaec482
  CocoaZ: a296b1fbea2c648daf2ccabb5403ed354569e633
  CryptoSwift: cd2158be2bf639aabc63ec804707c7137c90157c
  HTTPStatusCodes: 88155ba36826366a898a7b4f34d311f49083d546
  LKAlertController: e229465c0b4543ea122bfe62567747e6213ee43f
  Nimble: bfe1f814edabba69ff145cb1283e04ed636a67f2
  OHHTTPStubs: 752f9b11fd810a15162d50f11c06ff94f8e012eb
  PromiseKit: 56baec63efa89210c023260879435a5a6b3bff00
  QRCodeReader.swift: 686aa64b260327b8b0c976d8104dec2b088fd493
  Quick: dafc587e21eed9f4cab3249b9f9015b0b7a7f71d
  ReactiveSwift: 3fea31f8fc49f112d2dc613282c5d395c4d167bb
  Result: d2d07204ce72856f1fd9130bbe42c35a7b0fea10
  RSEnvironment: 653f92019569ef8fb5005d4bb34cd1ccaf50727f
  SVProgressHUD: 748080e4f36e603f6c02aec292664239df5279c1

PODFILE CHECKSUM: 6bdabfa9c4669ef53e6aa13ee286c4259d2c841f

COCOAPODS: 1.2.1
