PODS:
  - AferoSofthub (1.5.3)
  - AferoSwiftSDK/AFNetworking (1.1.9):
    - AferoSwiftSDK/Core
    - AFNetworking (~> 3.1)
    - AFOAuth2Manager (~> 3.0)
  - AferoSwiftSDK/Core (1.1.9):
    - AferoSofthub (~> 1.5.3)
    - CocoaLumberjack/Swift (~> 3.2)
    - CocoaZ (~> 1.4)
    - CryptoSwift
    - HTTPStatusCodes (~> 3.1)
    - PromiseKit/CorePromise (~> 4)
    - ReactiveSwift (~> 1.1)
    - RSEnvironment (= 0.0.3)
  - AFNetworking (3.2.1):
    - AFNetworking/NSURLSession (= 3.2.1)
    - AFNetworking/Reachability (= 3.2.1)
    - AFNetworking/Security (= 3.2.1)
    - AFNetworking/Serialization (= 3.2.1)
    - AFNetworking/UIKit (= 3.2.1)
  - AFNetworking/NSURLSession (3.2.1):
    - AFNetworking/Reachability
    - AFNetworking/Security
    - AFNetworking/Serialization
  - AFNetworking/Reachability (3.2.1)
  - AFNetworking/Security (3.2.1)
  - AFNetworking/Serialization (3.2.1)
  - AFNetworking/UIKit (3.2.1):
    - AFNetworking/NSURLSession
  - AFOAuth2Manager (3.0.0):
    - AFNetworking/NSURLSession (~> 3.0)
  - CocoaLumberjack/Core (3.5.2)
  - CocoaLumberjack/Swift (3.5.2):
    - CocoaLumberjack/Core
  - CocoaZ (1.4.2)
  - CryptoSwift (0.10.0)
  - HTTPStatusCodes (3.2.0)
  - LKAlertController (1.12.1)
  - Nimble (8.0.1)
  - OHHTTPStubs/Core (7.0.0)
  - OHHTTPStubs/Default (7.0.0):
    - OHHTTPStubs/Core
    - OHHTTPStubs/JSON
    - OHHTTPStubs/NSURLSession
    - OHHTTPStubs/OHPathHelpers
  - OHHTTPStubs/JSON (7.0.0):
    - OHHTTPStubs/Core
  - OHHTTPStubs/NSURLSession (7.0.0):
    - OHHTTPStubs/Core
  - OHHTTPStubs/OHPathHelpers (7.0.0)
  - OHHTTPStubs/Swift (7.0.0):
    - OHHTTPStubs/Default
  - PromiseKit/CorePromise (4.5.2)
  - QRCode (2.0)
  - QRCodeReader.swift (8.2.0)
  - Quick (2.0.0)
  - ReactiveSwift (1.1.5):
    - Result (~> 3.2)
  - Result (3.2.4)
  - RSEnvironment (0.0.3)
  - SVProgressHUD (1.1.3)

DEPENDENCIES:
  - AferoSwiftSDK/AFNetworking (from `..`)
  - AFNetworking
  - CocoaLumberjack/Swift (~> 3.4)
  - CryptoSwift (from `https://github.com/krzyzanowskim/CryptoSwift.git`, branch `swift42`)
  - HTTPStatusCodes (~> 3.1)
  - LKAlertController (= 1.12.1)
  - Nimble
  - OHHTTPStubs/Swift
  - PromiseKit/CorePromise (~> 4.3)
  - QRCode (~> 2.0)
  - QRCodeReader.swift (~> 8.0)
  - Quick
  - ReactiveSwift (~> 1.1)
  - RSEnvironment (= 0.0.3)
  - SVProgressHUD (= 1.1.3)

SPEC REPOS:
  "git@github.com:aferodeveloper/Podspecs.git":
    - AferoSofthub
  https://github.com/cocoapods/specs.git:
    - AFNetworking
    - AFOAuth2Manager
    - CocoaLumberjack
    - CocoaZ
    - HTTPStatusCodes
    - LKAlertController
    - Nimble
    - OHHTTPStubs
    - PromiseKit
    - QRCode
    - QRCodeReader.swift
    - Quick
    - ReactiveSwift
    - Result
    - RSEnvironment
    - SVProgressHUD

EXTERNAL SOURCES:
  AferoSwiftSDK:
    :path: ".."
  CryptoSwift:
    :branch: swift42
    :git: https://github.com/krzyzanowskim/CryptoSwift.git

CHECKOUT OPTIONS:
  CryptoSwift:
    :commit: 563657046c0160febf91b64ad8c3dc5eab561cca
    :git: https://github.com/krzyzanowskim/CryptoSwift.git

SPEC CHECKSUMS:
  AferoSofthub: 21de5a13e33871975219e9d7ddb8cab58a52764c
  AferoSwiftSDK: a7cfdfc33d2cdfc19e52f110bb9acaddd70ad110
  AFNetworking: b6f891fdfaed196b46c7a83cf209e09697b94057
  AFOAuth2Manager: 0566da1be64883e339813d411229fdc9a84dab7c
  CocoaLumberjack: 118bf4a820efc641f79fa487b75ed928dccfae23
  CocoaZ: a296b1fbea2c648daf2ccabb5403ed354569e633
  CryptoSwift: a63cae9da3538235aae52af6f7eb45488d3c410c
  HTTPStatusCodes: 69f50d229c4b5d6dcb48fad9c86e32ded975bcd3
  LKAlertController: e229465c0b4543ea122bfe62567747e6213ee43f
  Nimble: 45f786ae66faa9a709624227fae502db55a8bdd0
  OHHTTPStubs: ef33a2c353110d306bb98f695435ec56ff5a26c3
  PromiseKit: 743e497a5f505a470d3bbbf4ce0663c1268af0a4
  QRCode: f98a1886c8f37523704a7512a4c0cd45b34c18a4
  QRCodeReader.swift: 003eb32f18a5a675b936ec82ba0ff368cddbff45
  Quick: ce1276c7c27ba2da3cb2fd0cde053c3648b3b22d
  ReactiveSwift: 3fea31f8fc49f112d2dc613282c5d395c4d167bb
  Result: d2d07204ce72856f1fd9130bbe42c35a7b0fea10
  RSEnvironment: 653f92019569ef8fb5005d4bb34cd1ccaf50727f
  SVProgressHUD: 748080e4f36e603f6c02aec292664239df5279c1

PODFILE CHECKSUM: c6ff1471ddbd46fe021b37d22aaf34f87fabe7fa

COCOAPODS: 1.6.1
