PODS:
  - "AferoSofthub (1.6.4+1)"
  - AferoSwiftSDK/AFNetworking (1.2.9):
    - AferoSwiftSDK/Core
    - AFNetworking (~> 3.1)
    - AFOAuth2Manager (~> 3.0)
  - AferoSwiftSDK/Core (1.2.9):
    - "AferoSofthub (= 1.6.4+1)"
    - CocoaLumberjack/Swift (~> 3.5)
    - CocoaZ (~> 1.4)
    - CryptoSwift
    - HTTPStatusCodes (~> 3.2)
    - PromiseKit/CorePromise (~> 4.5)
    - ReactiveSwift (~> 5.0)
    - RSEnvironment (= 0.0.3)
  - AFNetworking (3.2.1):
    - AFNetworking/NSURLSession (= 3.2.1)
    - AFNetworking/Reachability (= 3.2.1)
    - AFNetworking/Security (= 3.2.1)
    - AFNetworking/Serialization (= 3.2.1)
    - AFNetworking/UIKit (= 3.2.1)
  - AFNetworking/NSURLSession (3.2.1):
    - AFNetworking/Reachability
    - AFNetworking/Security
    - AFNetworking/Serialization
  - AFNetworking/Reachability (3.2.1)
  - AFNetworking/Security (3.2.1)
  - AFNetworking/Serialization (3.2.1)
  - AFNetworking/UIKit (3.2.1):
    - AFNetworking/NSURLSession
  - AFOAuth2Manager (3.0.0):
    - AFNetworking/NSURLSession (~> 3.0)
  - CocoaLumberjack/Core (3.5.2)
  - CocoaLumberjack/Swift (3.5.2):
    - CocoaLumberjack/Core
  - CocoaZ (1.4.2)
  - CryptoSwift (1.0.0)
  - HTTPStatusCodes (3.3.1)
  - LKAlertController (1.12.2)
  - Nimble (8.1.1)
  - OHHTTPStubs/Core (9.0.0)
  - OHHTTPStubs/Default (9.0.0):
    - OHHTTPStubs/Core
    - OHHTTPStubs/JSON
    - OHHTTPStubs/NSURLSession
    - OHHTTPStubs/OHPathHelpers
  - OHHTTPStubs/JSON (9.0.0):
    - OHHTTPStubs/Core
  - OHHTTPStubs/NSURLSession (9.0.0):
    - OHHTTPStubs/Core
  - OHHTTPStubs/OHPathHelpers (9.0.0)
  - OHHTTPStubs/Swift (9.0.0):
    - OHHTTPStubs/Default
  - PromiseKit/CorePromise (4.5.1)
  - QRCode (2.0)
  - QRCodeReader.swift (10.0.0)
  - Quick (3.0.0)
  - ReactiveSwift (5.0.0):
    - Result (~> 4.1)
  - Result (4.1.0)
  - RSEnvironment (0.0.3)
  - SVProgressHUD (1.1.3)

DEPENDENCIES:
  - AferoSwiftSDK/AFNetworking (from `..`)
  - AFNetworking
  - CocoaLumberjack/Swift (= 3.5.2)
  - CryptoSwift (= 1.0.0)
  - HTTPStatusCodes (~> 3.2)
  - LKAlertController (= 1.12.2)
  - Nimble
  - OHHTTPStubs/Swift
  - PromiseKit/CorePromise (= 4.5.1)
  - QRCode (~> 2.0)
  - QRCodeReader.swift (~> 10.0.0)
  - Quick
  - ReactiveSwift (= 5.0.0)
  - RSEnvironment (= 0.0.3)
  - SVProgressHUD (= 1.1.3)

SPEC REPOS:
  "git@github.com:aferodeveloper/Podspecs.git":
    - AferoSofthub
  https://github.com/CocoaPods/Specs.git:
    - AFNetworking
    - AFOAuth2Manager
    - CocoaLumberjack
    - CocoaZ
    - CryptoSwift
    - HTTPStatusCodes
    - LKAlertController
    - Nimble
    - OHHTTPStubs
    - PromiseKit
    - QRCode
    - QRCodeReader.swift
    - Quick
    - ReactiveSwift
    - Result
    - RSEnvironment
    - SVProgressHUD

EXTERNAL SOURCES:
  AferoSwiftSDK:
    :path: ".."

SPEC CHECKSUMS:
  AferoSofthub: 8ba046cc41b20e81d8e99cd32565c51b02c4a828
  AferoSwiftSDK: 87ed58c1f1ab0c3802842419594e3de52df2cbc8
  AFNetworking: b6f891fdfaed196b46c7a83cf209e09697b94057
  AFOAuth2Manager: 0566da1be64883e339813d411229fdc9a84dab7c
  CocoaLumberjack: 118bf4a820efc641f79fa487b75ed928dccfae23
  CocoaZ: a296b1fbea2c648daf2ccabb5403ed354569e633
  CryptoSwift: d81eeaa59dc5a8d03720fe919a6fd07b51f7439f
  HTTPStatusCodes: a07dff597042a9f692cf4f979cb0fd91fc938835
  LKAlertController: 10c7e8627e5d4757d03b4f53469f35ded14c378f
  Nimble: 5f8a2fb6fa343a7242dfdd9d42f7267419d464b2
  OHHTTPStubs: cb29d2a9d09a828ecb93349a2b0c64f99e0db89f
  PromiseKit: 445dac9b2c3c3b4b31b5f842bc325700b848a8bd
  QRCode: f98a1886c8f37523704a7512a4c0cd45b34c18a4
  QRCodeReader.swift: 74d0378eb0c7807828552b49626bbc8307495aee
  Quick: 6d9559f40647bc4d510103842ef2fdd882d753e2
  ReactiveSwift: bd4c122943593e67cb441409370c5c1e3cb32791
  Result: bd966fac789cc6c1563440b348ab2598cc24d5c7
  RSEnvironment: 653f92019569ef8fb5005d4bb34cd1ccaf50727f
  SVProgressHUD: 748080e4f36e603f6c02aec292664239df5279c1

PODFILE CHECKSUM: bbe4806e554c5f47774dc9d0eed200b1f75b7395

COCOAPODS: 1.9.3
